
Microsoft Visual Studio Solution File, Format Version 12.00
# Visual Studio Version 16
VisualStudioVersion = 25.0.1706.12
MinimumVisualStudioVersion = 10.0.40219.1
Project("{FAE04EC0-301F-11D3-BF4B-00C04F79EFBC}") = "LibraryManagementSystem", "LibraryManagementSystem\LibraryManagementSystem.csproj", "{AC7F6F67-9816-4A7C-B328-17630407D78B}"
EndProject
Global
	GlobalSection(SolutionConfigurationPlatforms) = preSolution
		Debug|Any CPU = Debug|Any CPU
		Release|Any CPU = Release|Any CPU
	EndGlobalSection
	GlobalSection(ProjectConfigurationPlatforms) = postSolution
		{AC7F6F67-9816-4A7C-B328-17630407D78B}.Debug|Any CPU.ActiveCfg = Debug|Any CPU
		{AC7F6F67-9816-4A7C-B328-17630407D78B}.Debug|Any CPU.Build.0 = Debug|Any CPU
		{AC7F6F67-9816-4A7C-B328-17630407D78B}.Release|Any CPU.ActiveCfg = Release|Any CPU
		{AC7F6F67-9816-4A7C-B328-17630407D78B}.Release|Any CPU.Build.0 = Release|Any CPU
	EndGlobalSection
	GlobalSection(SolutionProperties) = preSolution
		HideSolutionNode = FALSE
	EndGlobalSection
	GlobalSection(ExtensibilityGlobals) = postSolution
		SolutionGuid = {B391E029-1695-497D-AA2E-7059B5CA9EED}
	EndGlobalSection
EndGlobal
